
Microsoft Visual Studio Solution File, Format Version 12.00
# Visual Studio Version 17
VisualStudioVersion = 17.4.33122.133
MinimumVisualStudioVersion = 10.0.40219.1
Project("{9A19103F-16F7-4668-BE54-9A1E7A4F7556}") = "LOS Installer", "LOS Installer.csproj", "{4723F5AA-F8E2-42E4-8D8B-7A920082A13B}"
EndProject
Global
	GlobalSection(SolutionConfigurationPlatforms) = preSolution
		Debug|Any CPU = Debug|Any CPU
		Release|Any CPU = Release|Any CPU
	EndGlobalSection
	GlobalSection(ProjectConfigurationPlatforms) = postSolution
		{4723F5AA-F8E2-42E4-8D8B-7A920082A13B}.Debug|Any CPU.ActiveCfg = Debug|Any CPU
		{4723F5AA-F8E2-42E4-8D8B-7A920082A13B}.Debug|Any CPU.Build.0 = Debug|Any CPU
		{4723F5AA-F8E2-42E4-8D8B-7A920082A13B}.Release|Any CPU.ActiveCfg = Release|Any CPU
		{4723F5AA-F8E2-42E4-8D8B-7A920082A13B}.Release|Any CPU.Build.0 = Release|Any CPU
	EndGlobalSection
	GlobalSection(SolutionProperties) = preSolution
		HideSolutionNode = FALSE
	EndGlobalSection
	GlobalSection(ExtensibilityGlobals) = postSolution
		SolutionGuid = {D006D1F6-50A3-4A79-B2B6-63C8E80553C0}
	EndGlobalSection
EndGlobal
